// !$*UTF8*$!
{
	archiveVersion = 1;
	classes = {
	};
	objectVersion = 52;
	objects = {

/* Begin PBXBuildFile section */
		FA603B802565F62B0054583E /* AppDelegate.swift in Sources */ = {isa = PBXBuildFile; fileRef = FA603B7F2565F62B0054583E /* AppDelegate.swift */; };
		FA603B822565F62B0054583E /* SceneDelegate.swift in Sources */ = {isa = PBXBuildFile; fileRef = FA603B812565F62B0054583E /* SceneDelegate.swift */; };
		FA603B842565F62B0054583E /* ViewController.swift in Sources */ = {isa = PBXBuildFile; fileRef = FA603B832565F62B0054583E /* ViewController.swift */; };
		FA603B872565F62B0054583E /* Main.storyboard in Resources */ = {isa = PBXBuildFile; fileRef = FA603B852565F62B0054583E /* Main.storyboard */; };
		FA603B892565F62D0054583E /* Assets.xcassets in Resources */ = {isa = PBXBuildFile; fileRef = FA603B882565F62D0054583E /* Assets.xcassets */; };
		FA603B8C2565F62D0054583E /* LaunchScreen.storyboard in Resources */ = {isa = PBXBuildFile; fileRef = FA603B8A2565F62D0054583E /* LaunchScreen.storyboard */; };
		FA603B972565F62D0054583E /* ShoppingCartTests.swift in Sources */ = {isa = PBXBuildFile; fileRef = FA603B962565F62D0054583E /* ShoppingCartTests.swift */; };
		FA603BB62565F68A0054583E /* Quick in Frameworks */ = {isa = PBXBuildFile; productRef = FA603BB52565F68A0054583E /* Quick */; };
		FA603BBB2565F7080054583E /* Nimble in Frameworks */ = {isa = PBXBuildFile; productRef = FA603BBA2565F7080054583E /* Nimble */; };
		FA603BC02565F71E0054583E /* ShoppingCart.swift in Sources */ = {isa = PBXBuildFile; fileRef = FA603BBF2565F71E0054583E /* ShoppingCart.swift */; };
		FA603BC62565F7230054583E /* Product.swift in Sources */ = {isa = PBXBuildFile; fileRef = FA603BC52565F7230054583E /* Product.swift */; };
		FA603BCA2565F7840054583E /* Tax.swift in Sources */ = {isa = PBXBuildFile; fileRef = FA603BC92565F7840054583E /* Tax.swift */; };
		FA603BCE2565F7B20054583E /* TaxCalculator.swift in Sources */ = {isa = PBXBuildFile; fileRef = FA603BCD2565F7B20054583E /* TaxCalculator.swift */; };
		FA603BD22565F7B80054583E /* Country.swift in Sources */ = {isa = PBXBuildFile; fileRef = FA603BD12565F7B80054583E /* Country.swift */; };
		FA603BD62565F92E0054583E /* ShoppingCartItem.swift in Sources */ = {isa = PBXBuildFile; fileRef = FA603BD52565F92E0054583E /* ShoppingCartItem.swift */; };
		FA603BDA256601280054583E /* TaxesProvider.swift in Sources */ = {isa = PBXBuildFile; fileRef = FA603BD9256601280054583E /* TaxesProvider.swift */; };
		FA603BDE2566018F0054583E /* TaxCalculatorTests.swift in Sources */ = {isa = PBXBuildFile; fileRef = FA603BDD2566018F0054583E /* TaxCalculatorTests.swift */; };
		FA603BE62566039C0054583E /* TaxesProviderMock.swift in Sources */ = {isa = PBXBuildFile; fileRef = FA603BE52566039C0054583E /* TaxesProviderMock.swift */; };
/* End PBXBuildFile section */

/* Begin PBXContainerItemProxy section */
		FA603B932565F62D0054583E /* PBXContainerItemProxy */ = {
			isa = PBXContainerItemProxy;
			containerPortal = FA603B742565F62B0054583E /* Project object */;
			proxyType = 1;
			remoteGlobalIDString = FA603B7B2565F62B0054583E;
			remoteInfo = BDDQuick;
		};
/* End PBXContainerItemProxy section */

/* Begin PBXFileReference section */
		FA603B7C2565F62B0054583E /* BDDQuick.app */ = {isa = PBXFileReference; explicitFileType = wrapper.application; includeInIndex = 0; path = BDDQuick.app; sourceTree = BUILT_PRODUCTS_DIR; };
		FA603B7F2565F62B0054583E /* AppDelegate.swift */ = {isa = PBXFileReference; lastKnownFileType = sourcecode.swift; path = AppDelegate.swift; sourceTree = "<group>"; };
		FA603B812565F62B0054583E /* SceneDelegate.swift */ = {isa = PBXFileReference; lastKnownFileType = sourcecode.swift; path = SceneDelegate.swift; sourceTree = "<group>"; };
		FA603B832565F62B0054583E /* ViewController.swift */ = {isa = PBXFileReference; lastKnownFileType = sourcecode.swift; path = ViewController.swift; sourceTree = "<group>"; };
		FA603B862565F62B0054583E /* Base */ = {isa = PBXFileReference; lastKnownFileType = file.storyboard; name = Base; path = Base.lproj/Main.storyboard; sourceTree = "<group>"; };
		FA603B882565F62D0054583E /* Assets.xcassets */ = {isa = PBXFileReference; lastKnownFileType = folder.assetcatalog; path = Assets.xcassets; sourceTree = "<group>"; };
		FA603B8B2565F62D0054583E /* Base */ = {isa = PBXFileReference; lastKnownFileType = file.storyboard; name = Base; path = Base.lproj/LaunchScreen.storyboard; sourceTree = "<group>"; };
		FA603B8D2565F62D0054583E /* Info.plist */ = {isa = PBXFileReference; lastKnownFileType = text.plist.xml; path = Info.plist; sourceTree = "<group>"; };
		FA603B922565F62D0054583E /* BDDQuickTests.xctest */ = {isa = PBXFileReference; explicitFileType = wrapper.cfbundle; includeInIndex = 0; path = BDDQuickTests.xctest; sourceTree = BUILT_PRODUCTS_DIR; };
		FA603B962565F62D0054583E /* ShoppingCartTests.swift */ = {isa = PBXFileReference; lastKnownFileType = sourcecode.swift; path = ShoppingCartTests.swift; sourceTree = "<group>"; };
		FA603B982565F62D0054583E /* Info.plist */ = {isa = PBXFileReference; lastKnownFileType = text.plist.xml; path = Info.plist; sourceTree = "<group>"; };
		FA603BBF2565F71E0054583E /* ShoppingCart.swift */ = {isa = PBXFileReference; lastKnownFileType = sourcecode.swift; path = ShoppingCart.swift; sourceTree = "<group>"; };
		FA603BC52565F7230054583E /* Product.swift */ = {isa = PBXFileReference; lastKnownFileType = sourcecode.swift; path = Product.swift; sourceTree = "<group>"; };
		FA603BC92565F7840054583E /* Tax.swift */ = {isa = PBXFileReference; lastKnownFileType = sourcecode.swift; path = Tax.swift; sourceTree = "<group>"; };
		FA603BCD2565F7B20054583E /* TaxCalculator.swift */ = {isa = PBXFileReference; lastKnownFileType = sourcecode.swift; path = TaxCalculator.swift; sourceTree = "<group>"; };
		FA603BD12565F7B80054583E /* Country.swift */ = {isa = PBXFileReference; lastKnownFileType = sourcecode.swift; path = Country.swift; sourceTree = "<group>"; };
		FA603BD52565F92E0054583E /* ShoppingCartItem.swift */ = {isa = PBXFileReference; lastKnownFileType = sourcecode.swift; path = ShoppingCartItem.swift; sourceTree = "<group>"; };
		FA603BD9256601280054583E /* TaxesProvider.swift */ = {isa = PBXFileReference; lastKnownFileType = sourcecode.swift; path = TaxesProvider.swift; sourceTree = "<group>"; };
		FA603BDD2566018F0054583E /* TaxCalculatorTests.swift */ = {isa = PBXFileReference; lastKnownFileType = sourcecode.swift; path = TaxCalculatorTests.swift; sourceTree = "<group>"; };
		FA603BE52566039C0054583E /* TaxesProviderMock.swift */ = {isa = PBXFileReference; lastKnownFileType = sourcecode.swift; path = TaxesProviderMock.swift; sourceTree = "<group>"; };
/* End PBXFileReference section */

/* Begin PBXFrameworksBuildPhase section */
		FA603B792565F62B0054583E /* Frameworks */ = {
			isa = PBXFrameworksBuildPhase;
			buildActionMask = 2147483647;
			files = (
			);
			runOnlyForDeploymentPostprocessing = 0;
		};
		FA603B8F2565F62D0054583E /* Frameworks */ = {
			isa = PBXFrameworksBuildPhase;
			buildActionMask = 2147483647;
			files = (
				FA603BB62565F68A0054583E /* Quick in Frameworks */,
				FA603BBB2565F7080054583E /* Nimble in Frameworks */,
			);
			runOnlyForDeploymentPostprocessing = 0;
		};
/* End PBXFrameworksBuildPhase section */

/* Begin PBXGroup section */
		FA603B732565F62B0054583E = {
			isa = PBXGroup;
			children = (
				FA603B7E2565F62B0054583E /* BDDQuick */,
				FA603B952565F62D0054583E /* BDDQuickTests */,
				FA603B7D2565F62B0054583E /* Products */,
			);
			sourceTree = "<group>";
		};
		FA603B7D2565F62B0054583E /* Products */ = {
			isa = PBXGroup;
			children = (
				FA603B7C2565F62B0054583E /* BDDQuick.app */,
				FA603B922565F62D0054583E /* BDDQuickTests.xctest */,
			);
			name = Products;
			sourceTree = "<group>";
		};
		FA603B7E2565F62B0054583E /* BDDQuick */ = {
			isa = PBXGroup;
			children = (
				FA603BBE2565F7100054583E /* Model */,
				FA603B7F2565F62B0054583E /* AppDelegate.swift */,
				FA603B812565F62B0054583E /* SceneDelegate.swift */,
				FA603B832565F62B0054583E /* ViewController.swift */,
				FA603B852565F62B0054583E /* Main.storyboard */,
				FA603B882565F62D0054583E /* Assets.xcassets */,
				FA603B8A2565F62D0054583E /* LaunchScreen.storyboard */,
				FA603B8D2565F62D0054583E /* Info.plist */,
			);
			path = BDDQuick;
			sourceTree = "<group>";
		};
		FA603B952565F62D0054583E /* BDDQuickTests */ = {
			isa = PBXGroup;
			children = (
				FA603B962565F62D0054583E /* ShoppingCartTests.swift */,
				FA603BDD2566018F0054583E /* TaxCalculatorTests.swift */,
				FA603B982565F62D0054583E /* Info.plist */,
				FA603BE52566039C0054583E /* TaxesProviderMock.swift */,
			);
			path = BDDQuickTests;
			sourceTree = "<group>";
		};
		FA603BBE2565F7100054583E /* Model */ = {
			isa = PBXGroup;
			children = (
				FA603BBF2565F71E0054583E /* ShoppingCart.swift */,
				FA603BC52565F7230054583E /* Product.swift */,
				FA603BC92565F7840054583E /* Tax.swift */,
				FA603BCD2565F7B20054583E /* TaxCalculator.swift */,
				FA603BD12565F7B80054583E /* Country.swift */,
				FA603BD52565F92E0054583E /* ShoppingCartItem.swift */,
				FA603BD9256601280054583E /* TaxesProvider.swift */,
			);
			path = Model;
			sourceTree = "<group>";
		};
/* End PBXGroup section */

/* Begin PBXNativeTarget section */
		FA603B7B2565F62B0054583E /* BDDQuick */ = {
			isa = PBXNativeTarget;
			buildConfigurationList = FA603BA62565F62D0054583E /* Build configuration list for PBXNativeTarget "BDDQuick" */;
			buildPhases = (
				FA603B782565F62B0054583E /* Sources */,
				FA603B792565F62B0054583E /* Frameworks */,
				FA603B7A2565F62B0054583E /* Resources */,
			);
			buildRules = (
			);
			dependencies = (
			);
			name = BDDQuick;
			productName = BDDQuick;
			productReference = FA603B7C2565F62B0054583E /* BDDQuick.app */;
			productType = "com.apple.product-type.application";
		};
		FA603B912565F62D0054583E /* BDDQuickTests */ = {
			isa = PBXNativeTarget;
			buildConfigurationList = FA603BA92565F62D0054583E /* Build configuration list for PBXNativeTarget "BDDQuickTests" */;
			buildPhases = (
				FA603B8E2565F62D0054583E /* Sources */,
				FA603B8F2565F62D0054583E /* Frameworks */,
				FA603B902565F62D0054583E /* Resources */,
			);
			buildRules = (
			);
			dependencies = (
				FA603B942565F62D0054583E /* PBXTargetDependency */,
			);
			name = BDDQuickTests;
			packageProductDependencies = (
				FA603BB52565F68A0054583E /* Quick */,
				FA603BBA2565F7080054583E /* Nimble */,
			);
			productName = BDDQuickTests;
			productReference = FA603B922565F62D0054583E /* BDDQuickTests.xctest */;
			productType = "com.apple.product-type.bundle.unit-test";
		};
/* End PBXNativeTarget section */

/* Begin PBXProject section */
		FA603B742565F62B0054583E /* Project object */ = {
			isa = PBXProject;
			attributes = {
				LastSwiftUpdateCheck = 1210;
				LastUpgradeCheck = 1210;
				TargetAttributes = {
					FA603B7B2565F62B0054583E = {
						CreatedOnToolsVersion = 12.1;
					};
					FA603B912565F62D0054583E = {
						CreatedOnToolsVersion = 12.1;
						TestTargetID = FA603B7B2565F62B0054583E;
					};
				};
			};
			buildConfigurationList = FA603B772565F62B0054583E /* Build configuration list for PBXProject "BDDQuick" */;
			compatibilityVersion = "Xcode 9.3";
			developmentRegion = en;
			hasScannedForEncodings = 0;
			knownRegions = (
				en,
				Base,
			);
			mainGroup = FA603B732565F62B0054583E;
			packageReferences = (
				FA603BB42565F68A0054583E /* XCRemoteSwiftPackageReference "Quick" */,
				FA603BB92565F7080054583E /* XCRemoteSwiftPackageReference "Nimble" */,
			);
			productRefGroup = FA603B7D2565F62B0054583E /* Products */;
			projectDirPath = "";
			projectRoot = "";
			targets = (
				FA603B7B2565F62B0054583E /* BDDQuick */,
				FA603B912565F62D0054583E /* BDDQuickTests */,
			);
		};
/* End PBXProject section */

/* Begin PBXResourcesBuildPhase section */
		FA603B7A2565F62B0054583E /* Resources */ = {
			isa = PBXResourcesBuildPhase;
			buildActionMask = 2147483647;
			files = (
				FA603B8C2565F62D0054583E /* LaunchScreen.storyboard in Resources */,
				FA603B892565F62D0054583E /* Assets.xcassets in Resources */,
				FA603B872565F62B0054583E /* Main.storyboard in Resources */,
			);
			runOnlyForDeploymentPostprocessing = 0;
		};
		FA603B902565F62D0054583E /* Resources */ = {
			isa = PBXResourcesBuildPhase;
			buildActionMask = 2147483647;
			files = (
			);
			runOnlyForDeploymentPostprocessing = 0;
		};
/* End PBXResourcesBuildPhase section */

/* Begin PBXSourcesBuildPhase section */
		FA603B782565F62B0054583E /* Sources */ = {
			isa = PBXSourcesBuildPhase;
			buildActionMask = 2147483647;
			files = (
				FA603BDA256601280054583E /* TaxesProvider.swift in Sources */,
				FA603B842565F62B0054583E /* ViewController.swift in Sources */,
				FA603BD62565F92E0054583E /* ShoppingCartItem.swift in Sources */,
				FA603B802565F62B0054583E /* AppDelegate.swift in Sources */,
				FA603BC62565F7230054583E /* Product.swift in Sources */,
				FA603BCA2565F7840054583E /* Tax.swift in Sources */,
				FA603BD22565F7B80054583E /* Country.swift in Sources */,
				FA603B822565F62B0054583E /* SceneDelegate.swift in Sources */,
				FA603BC02565F71E0054583E /* ShoppingCart.swift in Sources */,
				FA603BCE2565F7B20054583E /* TaxCalculator.swift in Sources */,
			);
			runOnlyForDeploymentPostprocessing = 0;
		};
		FA603B8E2565F62D0054583E /* Sources */ = {
			isa = PBXSourcesBuildPhase;
			buildActionMask = 2147483647;
			files = (
				FA603B972565F62D0054583E /* ShoppingCartTests.swift in Sources */,
				FA603BDE2566018F0054583E /* TaxCalculatorTests.swift in Sources */,
				FA603BE62566039C0054583E /* TaxesProviderMock.swift in Sources */,
			);
			runOnlyForDeploymentPostprocessing = 0;
		};
/* End PBXSourcesBuildPhase section */

/* Begin PBXTargetDependency section */
		FA603B942565F62D0054583E /* PBXTargetDependency */ = {
			isa = PBXTargetDependency;
			target = FA603B7B2565F62B0054583E /* BDDQuick */;
			targetProxy = FA603B932565F62D0054583E /* PBXContainerItemProxy */;
		};
/* End PBXTargetDependency section */

/* Begin PBXVariantGroup section */
		FA603B852565F62B0054583E /* Main.storyboard */ = {
			isa = PBXVariantGroup;
			children = (
				FA603B862565F62B0054583E /* Base */,
			);
			name = Main.storyboard;
			sourceTree = "<group>";
		};
		FA603B8A2565F62D0054583E /* LaunchScreen.storyboard */ = {
			isa = PBXVariantGroup;
			children = (
				FA603B8B2565F62D0054583E /* Base */,
			);
			name = LaunchScreen.storyboard;
			sourceTree = "<group>";
		};
/* End PBXVariantGroup section */

/* Begin XCBuildConfiguration section */
		FA603BA42565F62D0054583E /* Debug */ = {
			isa = XCBuildConfiguration;
			buildSettings = {
				ALWAYS_SEARCH_USER_PATHS = NO;
				CLANG_ANALYZER_NONNULL = YES;
				CLANG_ANALYZER_NUMBER_OBJECT_CONVERSION = YES_AGGRESSIVE;
				CLANG_CXX_LANGUAGE_STANDARD = "gnu++14";
				CLANG_CXX_LIBRARY = "libc++";
				CLANG_ENABLE_MODULES = YES;
				CLANG_ENABLE_OBJC_ARC = YES;
				CLANG_ENABLE_OBJC_WEAK = YES;
				CLANG_WARN_BLOCK_CAPTURE_AUTORELEASING = YES;
				CLANG_WARN_BOOL_CONVERSION = YES;
				CLANG_WARN_COMMA = YES;
				CLANG_WARN_CONSTANT_CONVERSION = YES;
				CLANG_WARN_DEPRECATED_OBJC_IMPLEMENTATIONS = YES;
				CLANG_WARN_DIRECT_OBJC_ISA_USAGE = YES_ERROR;
				CLANG_WARN_DOCUMENTATION_COMMENTS = YES;
				CLANG_WARN_EMPTY_BODY = YES;
				CLANG_WARN_ENUM_CONVERSION = YES;
				CLANG_WARN_INFINITE_RECURSION = YES;
				CLANG_WARN_INT_CONVERSION = YES;
				CLANG_WARN_NON_LITERAL_NULL_CONVERSION = YES;
				CLANG_WARN_OBJC_IMPLICIT_RETAIN_SELF = YES;
				CLANG_WARN_OBJC_LITERAL_CONVERSION = YES;
				CLANG_WARN_OBJC_ROOT_CLASS = YES_ERROR;
				CLANG_WARN_QUOTED_INCLUDE_IN_FRAMEWORK_HEADER = YES;
				CLANG_WARN_RANGE_LOOP_ANALYSIS = YES;
				CLANG_WARN_STRICT_PROTOTYPES = YES;
				CLANG_WARN_SUSPICIOUS_MOVE = YES;
				CLANG_WARN_UNGUARDED_AVAILABILITY = YES_AGGRESSIVE;
				CLANG_WARN_UNREACHABLE_CODE = YES;
				CLANG_WARN__DUPLICATE_METHOD_MATCH = YES;
				COPY_PHASE_STRIP = NO;
				DEBUG_INFORMATION_FORMAT = dwarf;
				ENABLE_STRICT_OBJC_MSGSEND = YES;
				ENABLE_TESTABILITY = YES;
				GCC_C_LANGUAGE_STANDARD = gnu11;
				GCC_DYNAMIC_NO_PIC = NO;
				GCC_NO_COMMON_BLOCKS = YES;
				GCC_OPTIMIZATION_LEVEL = 0;
				GCC_PREPROCESSOR_DEFINITIONS = (
					"DEBUG=1",
					"$(inherited)",
				);
				GCC_WARN_64_TO_32_BIT_CONVERSION = YES;
				GCC_WARN_ABOUT_RETURN_TYPE = YES_ERROR;
				GCC_WARN_UNDECLARED_SELECTOR = YES;
				GCC_WARN_UNINITIALIZED_AUTOS = YES_AGGRESSIVE;
				GCC_WARN_UNUSED_FUNCTION = YES;
				GCC_WARN_UNUSED_VARIABLE = YES;
				IPHONEOS_DEPLOYMENT_TARGET = 14.1;
				MTL_ENABLE_DEBUG_INFO = INCLUDE_SOURCE;
				MTL_FAST_MATH = YES;
				ONLY_ACTIVE_ARCH = YES;
				SDKROOT = iphoneos;
				SWIFT_ACTIVE_COMPILATION_CONDITIONS = DEBUG;
				SWIFT_OPTIMIZATION_LEVEL = "-Onone";
			};
			name = Debug;
		};
		FA603BA52565F62D0054583E /* Release */ = {
			isa = XCBuildConfiguration;
			buildSettings = {
				ALWAYS_SEARCH_USER_PATHS = NO;
				CLANG_ANALYZER_NONNULL = YES;
				CLANG_ANALYZER_NUMBER_OBJECT_CONVERSION = YES_AGGRESSIVE;
				CLANG_CXX_LANGUAGE_STANDARD = "gnu++14";
				CLANG_CXX_LIBRARY = "libc++";
				CLANG_ENABLE_MODULES = YES;
				CLANG_ENABLE_OBJC_ARC = YES;
				CLANG_ENABLE_OBJC_WEAK = YES;
				CLANG_WARN_BLOCK_CAPTURE_AUTORELEASING = YES;
				CLANG_WARN_BOOL_CONVERSION = YES;
				CLANG_WARN_COMMA = YES;
				CLANG_WARN_CONSTANT_CONVERSION = YES;
				CLANG_WARN_DEPRECATED_OBJC_IMPLEMENTATIONS = YES;
				CLANG_WARN_DIRECT_OBJC_ISA_USAGE = YES_ERROR;
				CLANG_WARN_DOCUMENTATION_COMMENTS = YES;
				CLANG_WARN_EMPTY_BODY = YES;
				CLANG_WARN_ENUM_CONVERSION = YES;
				CLANG_WARN_INFINITE_RECURSION = YES;
				CLANG_WARN_INT_CONVERSION = YES;
				CLANG_WARN_NON_LITERAL_NULL_CONVERSION = YES;
				CLANG_WARN_OBJC_IMPLICIT_RETAIN_SELF = YES;
				CLANG_WARN_OBJC_LITERAL_CONVERSION = YES;
				CLANG_WARN_OBJC_ROOT_CLASS = YES_ERROR;
				CLANG_WARN_QUOTED_INCLUDE_IN_FRAMEWORK_HEADER = YES;
				CLANG_WARN_RANGE_LOOP_ANALYSIS = YES;
				CLANG_WARN_STRICT_PROTOTYPES = YES;
				CLANG_WARN_SUSPICIOUS_MOVE = YES;
				CLANG_WARN_UNGUARDED_AVAILABILITY = YES_AGGRESSIVE;
				CLANG_WARN_UNREACHABLE_CODE = YES;
				CLANG_WARN__DUPLICATE_METHOD_MATCH = YES;
				COPY_PHASE_STRIP = NO;
				DEBUG_INFORMATION_FORMAT = "dwarf-with-dsym";
				ENABLE_NS_ASSERTIONS = NO;
				ENABLE_STRICT_OBJC_MSGSEND = YES;
				GCC_C_LANGUAGE_STANDARD = gnu11;
				GCC_NO_COMMON_BLOCKS = YES;
				GCC_WARN_64_TO_32_BIT_CONVERSION = YES;
				GCC_WARN_ABOUT_RETURN_TYPE = YES_ERROR;
				GCC_WARN_UNDECLARED_SELECTOR = YES;
				GCC_WARN_UNINITIALIZED_AUTOS = YES_AGGRESSIVE;
				GCC_WARN_UNUSED_FUNCTION = YES;
				GCC_WARN_UNUSED_VARIABLE = YES;
				IPHONEOS_DEPLOYMENT_TARGET = 14.1;
				MTL_ENABLE_DEBUG_INFO = NO;
				MTL_FAST_MATH = YES;
				SDKROOT = iphoneos;
				SWIFT_COMPILATION_MODE = wholemodule;
				SWIFT_OPTIMIZATION_LEVEL = "-O";
				VALIDATE_PRODUCT = YES;
			};
			name = Release;
		};
		FA603BA72565F62D0054583E /* Debug */ = {
			isa = XCBuildConfiguration;
			buildSettings = {
				ASSETCATALOG_COMPILER_APPICON_NAME = AppIcon;
				ASSETCATALOG_COMPILER_GLOBAL_ACCENT_COLOR_NAME = AccentColor;
				CODE_SIGN_STYLE = Automatic;
				DEVELOPMENT_TEAM = KNBYWGK7M7;
				INFOPLIST_FILE = BDDQuick/Info.plist;
				LD_RUNPATH_SEARCH_PATHS = (
					"$(inherited)",
					"@executable_path/Frameworks",
				);
				PRODUCT_BUNDLE_IDENTIFIER = fmo.BDDQuick;
				PRODUCT_NAME = "$(TARGET_NAME)";
				SWIFT_VERSION = 5.0;
				TARGETED_DEVICE_FAMILY = "1,2";
			};
			name = Debug;
		};
		FA603BA82565F62D0054583E /* Release */ = {
			isa = XCBuildConfiguration;
			buildSettings = {
				ASSETCATALOG_COMPILER_APPICON_NAME = AppIcon;
				ASSETCATALOG_COMPILER_GLOBAL_ACCENT_COLOR_NAME = AccentColor;
				CODE_SIGN_STYLE = Automatic;
				DEVELOPMENT_TEAM = KNBYWGK7M7;
				INFOPLIST_FILE = BDDQuick/Info.plist;
				LD_RUNPATH_SEARCH_PATHS = (
					"$(inherited)",
					"@executable_path/Frameworks",
				);
				PRODUCT_BUNDLE_IDENTIFIER = fmo.BDDQuick;
				PRODUCT_NAME = "$(TARGET_NAME)";
				SWIFT_VERSION = 5.0;
				TARGETED_DEVICE_FAMILY = "1,2";
			};
			name = Release;
		};
		FA603BAA2565F62D0054583E /* Debug */ = {
			isa = XCBuildConfiguration;
			buildSettings = {
				ALWAYS_EMBED_SWIFT_STANDARD_LIBRARIES = YES;
				BUNDLE_LOADER = "$(TEST_HOST)";
				CODE_SIGN_STYLE = Automatic;
				DEVELOPMENT_TEAM = KNBYWGK7M7;
				INFOPLIST_FILE = BDDQuickTests/Info.plist;
				IPHONEOS_DEPLOYMENT_TARGET = 14.1;
				LD_RUNPATH_SEARCH_PATHS = (
					"$(inherited)",
					"@executable_path/Frameworks",
					"@loader_path/Frameworks",
				);
				PRODUCT_BUNDLE_IDENTIFIER = fmo.BDDQuickTests;
				PRODUCT_NAME = "$(TARGET_NAME)";
				SWIFT_VERSION = 5.0;
				TARGETED_DEVICE_FAMILY = "1,2";
				TEST_HOST = "$(BUILT_PRODUCTS_DIR)/BDDQuick.app/BDDQuick";
			};
			name = Debug;
		};
		FA603BAB2565F62D0054583E /* Release */ = {
			isa = XCBuildConfiguration;
			buildSettings = {
				ALWAYS_EMBED_SWIFT_STANDARD_LIBRARIES = YES;
				BUNDLE_LOADER = "$(TEST_HOST)";
				CODE_SIGN_STYLE = Automatic;
				DEVELOPMENT_TEAM = KNBYWGK7M7;
				INFOPLIST_FILE = BDDQuickTests/Info.plist;
				IPHONEOS_DEPLOYMENT_TARGET = 14.1;
				LD_RUNPATH_SEARCH_PATHS = (
					"$(inherited)",
					"@executable_path/Frameworks",
					"@loader_path/Frameworks",
				);
				PRODUCT_BUNDLE_IDENTIFIER = fmo.BDDQuickTests;
				PRODUCT_NAME = "$(TARGET_NAME)";
				SWIFT_VERSION = 5.0;
				TARGETED_DEVICE_FAMILY = "1,2";
				TEST_HOST = "$(BUILT_PRODUCTS_DIR)/BDDQuick.app/BDDQuick";
			};
			name = Release;
		};
/* End XCBuildConfiguration section */

/* Begin XCConfigurationList section */
		FA603B772565F62B0054583E /* Build configuration list for PBXProject "BDDQuick" */ = {
			isa = XCConfigurationList;
			buildConfigurations = (
				FA603BA42565F62D0054583E /* Debug */,
				FA603BA52565F62D0054583E /* Release */,
			);
			defaultConfigurationIsVisible = 0;
			defaultConfigurationName = Release;
		};
		FA603BA62565F62D0054583E /* Build configuration list for PBXNativeTarget "BDDQuick" */ = {
			isa = XCConfigurationList;
			buildConfigurations = (
				FA603BA72565F62D0054583E /* Debug */,
				FA603BA82565F62D0054583E /* Release */,
			);
			defaultConfigurationIsVisible = 0;
			defaultConfigurationName = Release;
		};
		FA603BA92565F62D0054583E /* Build configuration list for PBXNativeTarget "BDDQuickTests" */ = {
			isa = XCConfigurationList;
			buildConfigurations = (
				FA603BAA2565F62D0054583E /* Debug */,
				FA603BAB2565F62D0054583E /* Release */,
			);
			defaultConfigurationIsVisible = 0;
			defaultConfigurationName = Release;
		};
/* End XCConfigurationList section */

/* Begin XCRemoteSwiftPackageReference section */
		FA603BB42565F68A0054583E /* XCRemoteSwiftPackageReference "Quick" */ = {
			isa = XCRemoteSwiftPackageReference;
			repositoryURL = "https://github.com/Quick/Quick.git";
			requirement = {
				kind = upToNextMajorVersion;
				minimumVersion = 3.0.0;
			};
		};
		FA603BB92565F7080054583E /* XCRemoteSwiftPackageReference "Nimble" */ = {
			isa = XCRemoteSwiftPackageReference;
			repositoryURL = "https://github.com/Quick/Nimble.git";
			requirement = {
				kind = upToNextMajorVersion;
				minimumVersion = 9.0.0;
			};
		};
/* End XCRemoteSwiftPackageReference section */

/* Begin XCSwiftPackageProductDependency section */
		FA603BB52565F68A0054583E /* Quick */ = {
			isa = XCSwiftPackageProductDependency;
			package = FA603BB42565F68A0054583E /* XCRemoteSwiftPackageReference "Quick" */;
			productName = Quick;
		};
		FA603BBA2565F7080054583E /* Nimble */ = {
			isa = XCSwiftPackageProductDependency;
			package = FA603BB92565F7080054583E /* XCRemoteSwiftPackageReference "Nimble" */;
			productName = Nimble;
		};
/* End XCSwiftPackageProductDependency section */
	};
	rootObject = FA603B742565F62B0054583E /* Project object */;
}
